PODS:
  - camera (0.0.1):
    - Flutter
  - Flutter (1.0.0)
  - TensorFlowLiteC (2.3.0):
    - TensorFlowLiteC/Core (= 2.3.0)
  - TensorFlowLiteC/Core (2.3.0)
  - tflite (1.1.1):
    - Flutter
    - TensorFlowLiteC

DEPENDENCIES:
  - camera (from `.symlinks/plugins/camera/ios`)
  - Flutter (from `Flutter`)
  - tflite (from `.symlinks/plugins/tflite/ios`)

SPEC REPOS:
  trunk:
    - TensorFlowLiteC

EXTERNAL SOURCES:
  camera:
    :path: ".symlinks/plugins/camera/ios"
  Flutter:
    :path: Flutter
  tflite:
    :path: ".symlinks/plugins/tflite/ios"

SPEC CHECKSUMS:
  camera: 38cc83ae9a5667bb5a71c7d9edaf60a91920fd4e
  Flutter: 0e3d915762c693b495b44d77113d4970485de6ec
  TensorFlowLiteC: 51f50caf5777f740a70e2c1a5dbdc149e7aeb50b
  tflite: f0403a894740019d63ab5662253bba5b2dd37296

PODFILE CHECKSUM: 7368163408c647b7eb699d0d788ba6718e18fb8d

COCOAPODS: 1.8.4
